
Microsoft Visual Studio Solution File, Format Version 12.00
# Visual Studio Version 17
VisualStudioVersion = 17.0.32112.339
MinimumVisualStudioVersion = 10.0.40219.1
Project("{FAE04EC0-301F-11D3-BF4B-00C04F79EFBC}") = "Assessment_Rover", "Assessment_Rover\Assessment_Rover.csproj", "{AFEA86DF-F5D4-4EB8-BBB7-D4AC2E881D18}"
EndProject
Project("{FAE04EC0-301F-11D3-BF4B-00C04F79EFBC}") = "Assessment_Rover.Test", "Assessment_Rover.Test\Assessment_Rover.Test.csproj", "{C86A1220-6135-40CD-B292-AE57580D643D}"
EndProject
Global
	GlobalSection(SolutionConfigurationPlatforms) = preSolution
		Debug|Any CPU = Debug|Any CPU
		Release|Any CPU = Release|Any CPU
	EndGlobalSection
	GlobalSection(ProjectConfigurationPlatforms) = postSolution
		{AFEA86DF-F5D4-4EB8-BBB7-D4AC2E881D18}.Debug|Any CPU.ActiveCfg = Debug|Any CPU
		{AFEA86DF-F5D4-4EB8-BBB7-D4AC2E881D18}.Debug|Any CPU.Build.0 = Debug|Any CPU
		{AFEA86DF-F5D4-4EB8-BBB7-D4AC2E881D18}.Release|Any CPU.ActiveCfg = Release|Any CPU
		{AFEA86DF-F5D4-4EB8-BBB7-D4AC2E881D18}.Release|Any CPU.Build.0 = Release|Any CPU
		{C86A1220-6135-40CD-B292-AE57580D643D}.Debug|Any CPU.ActiveCfg = Debug|Any CPU
		{C86A1220-6135-40CD-B292-AE57580D643D}.Debug|Any CPU.Build.0 = Debug|Any CPU
		{C86A1220-6135-40CD-B292-AE57580D643D}.Release|Any CPU.ActiveCfg = Release|Any CPU
		{C86A1220-6135-40CD-B292-AE57580D643D}.Release|Any CPU.Build.0 = Release|Any CPU
	EndGlobalSection
	GlobalSection(SolutionProperties) = preSolution
		HideSolutionNode = FALSE
	EndGlobalSection
	GlobalSection(ExtensibilityGlobals) = postSolution
		SolutionGuid = {9CF6B335-D20E-4226-9878-4C97709B0793}
	EndGlobalSection
EndGlobal
