
Microsoft Visual Studio Solution File, Format Version 12.00
# Visual Studio Version 17
VisualStudioVersion = 17.0.32112.339
MinimumVisualStudioVersion = 10.0.40219.1
Project("{9A19103F-16F7-4668-BE54-9A1E7A4F7556}") = "Assessment_Arrays", "Assessment_Arrays\Assessment_Arrays.csproj", "{E639FDA7-8272-42CC-98F1-A867E347CB9F}"
EndProject
Project("{FAE04EC0-301F-11D3-BF4B-00C04F79EFBC}") = "Assessment_Arrays.Test", "Assessment_Arrays.Test\Assessment_Arrays.Test.csproj", "{7FBBA740-8606-4F89-BCCA-63AC04CAA37A}"
EndProject
Global
	GlobalSection(SolutionConfigurationPlatforms) = preSolution
		Debug|Any CPU = Debug|Any CPU
		Release|Any CPU = Release|Any CPU
	EndGlobalSection
	GlobalSection(ProjectConfigurationPlatforms) = postSolution
		{E639FDA7-8272-42CC-98F1-A867E347CB9F}.Debug|Any CPU.ActiveCfg = Debug|Any CPU
		{E639FDA7-8272-42CC-98F1-A867E347CB9F}.Debug|Any CPU.Build.0 = Debug|Any CPU
		{E639FDA7-8272-42CC-98F1-A867E347CB9F}.Release|Any CPU.ActiveCfg = Release|Any CPU
		{E639FDA7-8272-42CC-98F1-A867E347CB9F}.Release|Any CPU.Build.0 = Release|Any CPU
		{7FBBA740-8606-4F89-BCCA-63AC04CAA37A}.Debug|Any CPU.ActiveCfg = Debug|Any CPU
		{7FBBA740-8606-4F89-BCCA-63AC04CAA37A}.Debug|Any CPU.Build.0 = Debug|Any CPU
		{7FBBA740-8606-4F89-BCCA-63AC04CAA37A}.Release|Any CPU.ActiveCfg = Release|Any CPU
		{7FBBA740-8606-4F89-BCCA-63AC04CAA37A}.Release|Any CPU.Build.0 = Release|Any CPU
	EndGlobalSection
	GlobalSection(SolutionProperties) = preSolution
		HideSolutionNode = FALSE
	EndGlobalSection
	GlobalSection(ExtensibilityGlobals) = postSolution
		SolutionGuid = {5E8759F1-9C48-4BA9-B740-7E28DE569DD7}
	EndGlobalSection
EndGlobal
